PODS:
  - BindingX (1.0.3):
    - WeexPluginLoader
    - WeexSDK
  - WeexPluginLoader (0.0.1.9.1):
    - WeexSDK
  - WeexSDK (0.20.1)
  - XWeexViewController (0.1.0):
    - WeexSDK

DEPENDENCIES:
  - BindingX
  - XWeexViewController (from `./localProject/XWeexViewController`)

SPEC REPOS:
  https://github.com/cocoapods/specs.git:
    - BindingX
    - WeexPluginLoader
    - WeexSDK

EXTERNAL SOURCES:
  XWeexViewController:
    :path: "./localProject/XWeexViewController"

SPEC CHECKSUMS:
  BindingX: b3c6c1c5dcd8e50277cfc5daad09d7010c227524
  WeexPluginLoader: 85c1304f8ba29864e58531614a0acfeceef1b85c
  WeexSDK: ced3f2ef2f0cb48d1d76fd2f03c645572c632d21
  XWeexViewController: fd3c45438accf8e29da40744f8f7e2d9ab27174a

PODFILE CHECKSUM: 9c5e402ec76e5e2786da84cd6d6d3f028ac13b60

COCOAPODS: 1.7.0.rc.1
