PODS:
  - XWeexViewController (0.1.0)

DEPENDENCIES:
  - XWeexViewController (from `../`)

EXTERNAL SOURCES:
  XWeexViewController:
    :path: "../"

SPEC CHECKSUMS:
  XWeexViewController: 539bc18ca69dbaeda5629ca9fa9ab191870898be

PODFILE CHECKSUM: 632bd92849be4785072fff8b5c38811fd1071a1b

COCOAPODS: 1.7.0.rc.1
