// !$*UTF8*$!
{
	archiveVersion = 1;
	classes = {
	};
	objectVersion = 51;
	objects = {

/* Begin PBXBuildFile section */
		2ABD80BD01DF0CB87AA367FA /* libPods-WeexDemo-Swift.a in Frameworks */ = {isa = PBXBuildFile; fileRef = D6C5F578B6B18D41FF17CCBD /* libPods-WeexDemo-Swift.a */; };
		941E0B5C228018220018BCAE /* AppDelegate.swift in Sources */ = {isa = PBXBuildFile; fileRef = 941E0B5B228018220018BCAE /* AppDelegate.swift */; };
		941E0B63228018240018BCAE /* Assets.xcassets in Resources */ = {isa = PBXBuildFile; fileRef = 941E0B62228018240018BCAE /* Assets.xcassets */; };
		941E0B7222801C7C0018BCAE /* LaunchScreen.storyboard in Resources */ = {isa = PBXBuildFile; fileRef = 941E0B7122801C7C0018BCAE /* LaunchScreen.storyboard */; };
		941E0B7422801CF00018BCAE /* WXViewController.swift in Sources */ = {isa = PBXBuildFile; fileRef = 941E0B7322801CF00018BCAE /* WXViewController.swift */; };
		941E0B76228021DA0018BCAE /* WXEngine.swift in Sources */ = {isa = PBXBuildFile; fileRef = 941E0B75228021DA0018BCAE /* WXEngine.swift */; };
/* End PBXBuildFile section */

/* Begin PBXFileReference section */
		941E0B58228018220018BCAE /* WeexDemo-Swift.app */ = {isa = PBXFileReference; explicitFileType = wrapper.application; includeInIndex = 0; path = "WeexDemo-Swift.app"; sourceTree = BUILT_PRODUCTS_DIR; };
		941E0B5B228018220018BCAE /* AppDelegate.swift */ = {isa = PBXFileReference; lastKnownFileType = sourcecode.swift; path = AppDelegate.swift; sourceTree = "<group>"; };
		941E0B62228018240018BCAE /* Assets.xcassets */ = {isa = PBXFileReference; lastKnownFileType = folder.assetcatalog; path = Assets.xcassets; sourceTree = "<group>"; };
		941E0B67228018240018BCAE /* Info.plist */ = {isa = PBXFileReference; lastKnownFileType = text.plist.xml; path = Info.plist; sourceTree = "<group>"; };
		941E0B6D22801C250018BCAE /* WeexDemo-Swift-Bridging-Header.h */ = {isa = PBXFileReference; lastKnownFileType = sourcecode.c.h; path = "WeexDemo-Swift-Bridging-Header.h"; sourceTree = "<group>"; };
		941E0B7122801C7C0018BCAE /* LaunchScreen.storyboard */ = {isa = PBXFileReference; fileEncoding = 4; lastKnownFileType = file.storyboard; path = LaunchScreen.storyboard; sourceTree = "<group>"; };
		941E0B7322801CF00018BCAE /* WXViewController.swift */ = {isa = PBXFileReference; lastKnownFileType = sourcecode.swift; path = WXViewController.swift; sourceTree = "<group>"; };
		941E0B75228021DA0018BCAE /* WXEngine.swift */ = {isa = PBXFileReference; lastKnownFileType = sourcecode.swift; path = WXEngine.swift; sourceTree = "<group>"; };
		D6C5F578B6B18D41FF17CCBD /* libPods-WeexDemo-Swift.a */ = {isa = PBXFileReference; explicitFileType = archive.ar; includeInIndex = 0; path = "libPods-WeexDemo-Swift.a"; sourceTree = BUILT_PRODUCTS_DIR; };
		E029401606D785DF1B401BA1 /* Pods-WeexDemo-Swift.release.xcconfig */ = {isa = PBXFileReference; includeInIndex = 1; lastKnownFileType = text.xcconfig; name = "Pods-WeexDemo-Swift.release.xcconfig"; path = "Target Support Files/Pods-WeexDemo-Swift/Pods-WeexDemo-Swift.release.xcconfig"; sourceTree = "<group>"; };
		E551F3576681111B8C5512C4 /* Pods-WeexDemo-Swift.debug.xcconfig */ = {isa = PBXFileReference; includeInIndex = 1; lastKnownFileType = text.xcconfig; name = "Pods-WeexDemo-Swift.debug.xcconfig"; path = "Target Support Files/Pods-WeexDemo-Swift/Pods-WeexDemo-Swift.debug.xcconfig"; sourceTree = "<group>"; };
/* End PBXFileReference section */

/* Begin PBXFrameworksBuildPhase section */
		941E0B55228018220018BCAE /* Frameworks */ = {
			isa = PBXFrameworksBuildPhase;
			buildActionMask = 2147483647;
			files = (
				2ABD80BD01DF0CB87AA367FA /* libPods-WeexDemo-Swift.a in Frameworks */,
			);
			runOnlyForDeploymentPostprocessing = 0;
		};
/* End PBXFrameworksBuildPhase section */

/* Begin PBXGroup section */
		3620F5B9C6D1FE94B685EEC8 /* Frameworks */ = {
			isa = PBXGroup;
			children = (
				D6C5F578B6B18D41FF17CCBD /* libPods-WeexDemo-Swift.a */,
			);
			name = Frameworks;
			sourceTree = "<group>";
		};
		941E0B4F228018220018BCAE = {
			isa = PBXGroup;
			children = (
				941E0B5A228018220018BCAE /* WeexDemo-Swift */,
				941E0B59228018220018BCAE /* Products */,
				D1406C85D24E29D7859D1D89 /* Pods */,
				3620F5B9C6D1FE94B685EEC8 /* Frameworks */,
			);
			sourceTree = "<group>";
		};
		941E0B59228018220018BCAE /* Products */ = {
			isa = PBXGroup;
			children = (
				941E0B58228018220018BCAE /* WeexDemo-Swift.app */,
			);
			name = Products;
			sourceTree = "<group>";
		};
		941E0B5A228018220018BCAE /* WeexDemo-Swift */ = {
			isa = PBXGroup;
			children = (
				941E0B5B228018220018BCAE /* AppDelegate.swift */,
				941E0B7322801CF00018BCAE /* WXViewController.swift */,
				941E0B75228021DA0018BCAE /* WXEngine.swift */,
				941E0B7122801C7C0018BCAE /* LaunchScreen.storyboard */,
				941E0B62228018240018BCAE /* Assets.xcassets */,
				941E0B67228018240018BCAE /* Info.plist */,
				941E0B6D22801C250018BCAE /* WeexDemo-Swift-Bridging-Header.h */,
			);
			path = "WeexDemo-Swift";
			sourceTree = "<group>";
		};
		D1406C85D24E29D7859D1D89 /* Pods */ = {
			isa = PBXGroup;
			children = (
				E551F3576681111B8C5512C4 /* Pods-WeexDemo-Swift.debug.xcconfig */,
				E029401606D785DF1B401BA1 /* Pods-WeexDemo-Swift.release.xcconfig */,
			);
			path = Pods;
			sourceTree = "<group>";
		};
/* End PBXGroup section */

/* Begin PBXNativeTarget section */
		941E0B57228018220018BCAE /* WeexDemo-Swift */ = {
			isa = PBXNativeTarget;
			buildConfigurationList = 941E0B6A228018240018BCAE /* Build configuration list for PBXNativeTarget "WeexDemo-Swift" */;
			buildPhases = (
				8584E12E95288A523F119D39 /* [CP] Check Pods Manifest.lock */,
				941E0B54228018220018BCAE /* Sources */,
				941E0B55228018220018BCAE /* Frameworks */,
				941E0B56228018220018BCAE /* Resources */,
				EC9B72AF8345B44547BC06F7 /* [CP] Copy Pods Resources */,
			);
			buildRules = (
			);
			dependencies = (
			);
			name = "WeexDemo-Swift";
			productName = "WeexDemo-Swift";
			productReference = 941E0B58228018220018BCAE /* WeexDemo-Swift.app */;
			productType = "com.apple.product-type.application";
		};
/* End PBXNativeTarget section */

/* Begin PBXProject section */
		941E0B50228018220018BCAE /* Project object */ = {
			isa = PBXProject;
			attributes = {
				LastSwiftUpdateCheck = 1020;
				LastUpgradeCheck = 1020;
				ORGANIZATIONNAME = minug;
				TargetAttributes = {
					941E0B57228018220018BCAE = {
						CreatedOnToolsVersion = 10.2.1;
						LastSwiftMigration = 1020;
					};
				};
			};
			buildConfigurationList = 941E0B53228018220018BCAE /* Build configuration list for PBXProject "WeexDemo-Swift" */;
			compatibilityVersion = "Xcode 9.3";
			developmentRegion = en;
			hasScannedForEncodings = 0;
			knownRegions = (
				en,
				Base,
			);
			mainGroup = 941E0B4F228018220018BCAE;
			productRefGroup = 941E0B59228018220018BCAE /* Products */;
			projectDirPath = "";
			projectRoot = "";
			targets = (
				941E0B57228018220018BCAE /* WeexDemo-Swift */,
			);
		};
/* End PBXProject section */

/* Begin PBXResourcesBuildPhase section */
		941E0B56228018220018BCAE /* Resources */ = {
			isa = PBXResourcesBuildPhase;
			buildActionMask = 2147483647;
			files = (
				941E0B7222801C7C0018BCAE /* LaunchScreen.storyboard in Resources */,
				941E0B63228018240018BCAE /* Assets.xcassets in Resources */,
			);
			runOnlyForDeploymentPostprocessing = 0;
		};
/* End PBXResourcesBuildPhase section */

/* Begin PBXShellScriptBuildPhase section */
		8584E12E95288A523F119D39 /* [CP] Check Pods Manifest.lock */ = {
			isa = PBXShellScriptBuildPhase;
			buildActionMask = 2147483647;
			files = (
			);
			inputFileListPaths = (
			);
			inputPaths = (
				"${PODS_PODFILE_DIR_PATH}/Podfile.lock",
				"${PODS_ROOT}/Manifest.lock",
			);
			name = "[CP] Check Pods Manifest.lock";
			outputFileListPaths = (
			);
			outputPaths = (
				"$(DERIVED_FILE_DIR)/Pods-WeexDemo-Swift-checkManifestLockResult.txt",
			);
			runOnlyForDeploymentPostprocessing = 0;
			shellPath = /bin/sh;
			shellScript = "diff \"${PODS_PODFILE_DIR_PATH}/Podfile.lock\" \"${PODS_ROOT}/Manifest.lock\" > /dev/null\nif [ $? != 0 ] ; then\n    # print error to STDERR\n    echo \"error: The sandbox is not in sync with the Podfile.lock. Run 'pod install' or update your CocoaPods installation.\" >&2\n    exit 1\nfi\n# This output is used by Xcode 'outputs' to avoid re-running this script phase.\necho \"SUCCESS\" > \"${SCRIPT_OUTPUT_FILE_0}\"\n";
			showEnvVarsInLog = 0;
		};
		EC9B72AF8345B44547BC06F7 /* [CP] Copy Pods Resources */ = {
			isa = PBXShellScriptBuildPhase;
			buildActionMask = 2147483647;
			files = (
			);
			inputFileListPaths = (
				"${PODS_ROOT}/Target Support Files/Pods-WeexDemo-Swift/Pods-WeexDemo-Swift-resources-${CONFIGURATION}-input-files.xcfilelist",
			);
			name = "[CP] Copy Pods Resources";
			outputFileListPaths = (
				"${PODS_ROOT}/Target Support Files/Pods-WeexDemo-Swift/Pods-WeexDemo-Swift-resources-${CONFIGURATION}-output-files.xcfilelist",
			);
			runOnlyForDeploymentPostprocessing = 0;
			shellPath = /bin/sh;
			shellScript = "\"${PODS_ROOT}/Target Support Files/Pods-WeexDemo-Swift/Pods-WeexDemo-Swift-resources.sh\"\n";
			showEnvVarsInLog = 0;
		};
/* End PBXShellScriptBuildPhase section */

/* Begin PBXSourcesBuildPhase section */
		941E0B54228018220018BCAE /* Sources */ = {
			isa = PBXSourcesBuildPhase;
			buildActionMask = 2147483647;
			files = (
				941E0B7422801CF00018BCAE /* WXViewController.swift in Sources */,
				941E0B76228021DA0018BCAE /* WXEngine.swift in Sources */,
				941E0B5C228018220018BCAE /* AppDelegate.swift in Sources */,
			);
			runOnlyForDeploymentPostprocessing = 0;
		};
/* End PBXSourcesBuildPhase section */

/* Begin XCBuildConfiguration section */
		941E0B68228018240018BCAE /* Debug */ = {
			isa = XCBuildConfiguration;
			buildSettings = {
				ALWAYS_SEARCH_USER_PATHS = NO;
				CLANG_ANALYZER_NONNULL = YES;
				CLANG_ANALYZER_NUMBER_OBJECT_CONVERSION = YES_AGGRESSIVE;
				CLANG_CXX_LANGUAGE_STANDARD = "gnu++14";
				CLANG_CXX_LIBRARY = "libc++";
				CLANG_ENABLE_MODULES = YES;
				CLANG_ENABLE_OBJC_ARC = YES;
				CLANG_ENABLE_OBJC_WEAK = YES;
				CLANG_WARN_BLOCK_CAPTURE_AUTORELEASING = YES;
				CLANG_WARN_BOOL_CONVERSION = YES;
				CLANG_WARN_COMMA = YES;
				CLANG_WARN_CONSTANT_CONVERSION = YES;
				CLANG_WARN_DEPRECATED_OBJC_IMPLEMENTATIONS = YES;
				CLANG_WARN_DIRECT_OBJC_ISA_USAGE = YES_ERROR;
				CLANG_WARN_DOCUMENTATION_COMMENTS = YES;
				CLANG_WARN_EMPTY_BODY = YES;
				CLANG_WARN_ENUM_CONVERSION = YES;
				CLANG_WARN_INFINITE_RECURSION = YES;
				CLANG_WARN_INT_CONVERSION = YES;
				CLANG_WARN_NON_LITERAL_NULL_CONVERSION = YES;
				CLANG_WARN_OBJC_IMPLICIT_RETAIN_SELF = YES;
				CLANG_WARN_OBJC_LITERAL_CONVERSION = YES;
				CLANG_WARN_OBJC_ROOT_CLASS = YES_ERROR;
				CLANG_WARN_RANGE_LOOP_ANALYSIS = YES;
				CLANG_WARN_STRICT_PROTOTYPES = YES;
				CLANG_WARN_SUSPICIOUS_MOVE = YES;
				CLANG_WARN_UNGUARDED_AVAILABILITY = YES_AGGRESSIVE;
				CLANG_WARN_UNREACHABLE_CODE = YES;
				CLANG_WARN__DUPLICATE_METHOD_MATCH = YES;
				CODE_SIGN_IDENTITY = "iPhone Developer";
				COPY_PHASE_STRIP = NO;
				DEBUG_INFORMATION_FORMAT = dwarf;
				ENABLE_STRICT_OBJC_MSGSEND = YES;
				ENABLE_TESTABILITY = YES;
				GCC_C_LANGUAGE_STANDARD = gnu11;
				GCC_DYNAMIC_NO_PIC = NO;
				GCC_NO_COMMON_BLOCKS = YES;
				GCC_OPTIMIZATION_LEVEL = 0;
				GCC_PREPROCESSOR_DEFINITIONS = (
					"DEBUG=1",
					"$(inherited)",
				);
				GCC_WARN_64_TO_32_BIT_CONVERSION = YES;
				GCC_WARN_ABOUT_RETURN_TYPE = YES_ERROR;
				GCC_WARN_UNDECLARED_SELECTOR = YES;
				GCC_WARN_UNINITIALIZED_AUTOS = YES_AGGRESSIVE;
				GCC_WARN_UNUSED_FUNCTION = YES;
				GCC_WARN_UNUSED_VARIABLE = YES;
				IPHONEOS_DEPLOYMENT_TARGET = 12.2;
				MTL_ENABLE_DEBUG_INFO = INCLUDE_SOURCE;
				MTL_FAST_MATH = YES;
				ONLY_ACTIVE_ARCH = YES;
				SDKROOT = iphoneos;
				SWIFT_ACTIVE_COMPILATION_CONDITIONS = DEBUG;
				SWIFT_OPTIMIZATION_LEVEL = "-Onone";
			};
			name = Debug;
		};
		941E0B69228018240018BCAE /* Release */ = {
			isa = XCBuildConfiguration;
			buildSettings = {
				ALWAYS_SEARCH_USER_PATHS = NO;
				CLANG_ANALYZER_NONNULL = YES;
				CLANG_ANALYZER_NUMBER_OBJECT_CONVERSION = YES_AGGRESSIVE;
				CLANG_CXX_LANGUAGE_STANDARD = "gnu++14";
				CLANG_CXX_LIBRARY = "libc++";
				CLANG_ENABLE_MODULES = YES;
				CLANG_ENABLE_OBJC_ARC = YES;
				CLANG_ENABLE_OBJC_WEAK = YES;
				CLANG_WARN_BLOCK_CAPTURE_AUTORELEASING = YES;
				CLANG_WARN_BOOL_CONVERSION = YES;
				CLANG_WARN_COMMA = YES;
				CLANG_WARN_CONSTANT_CONVERSION = YES;
				CLANG_WARN_DEPRECATED_OBJC_IMPLEMENTATIONS = YES;
				CLANG_WARN_DIRECT_OBJC_ISA_USAGE = YES_ERROR;
				CLANG_WARN_DOCUMENTATION_COMMENTS = YES;
				CLANG_WARN_EMPTY_BODY = YES;
				CLANG_WARN_ENUM_CONVERSION = YES;
				CLANG_WARN_INFINITE_RECURSION = YES;
				CLANG_WARN_INT_CONVERSION = YES;
				CLANG_WARN_NON_LITERAL_NULL_CONVERSION = YES;
				CLANG_WARN_OBJC_IMPLICIT_RETAIN_SELF = YES;
				CLANG_WARN_OBJC_LITERAL_CONVERSION = YES;
				CLANG_WARN_OBJC_ROOT_CLASS = YES_ERROR;
				CLANG_WARN_RANGE_LOOP_ANALYSIS = YES;
				CLANG_WARN_STRICT_PROTOTYPES = YES;
				CLANG_WARN_SUSPICIOUS_MOVE = YES;
				CLANG_WARN_UNGUARDED_AVAILABILITY = YES_AGGRESSIVE;
				CLANG_WARN_UNREACHABLE_CODE = YES;
				CLANG_WARN__DUPLICATE_METHOD_MATCH = YES;
				CODE_SIGN_IDENTITY = "iPhone Developer";
				COPY_PHASE_STRIP = NO;
				DEBUG_INFORMATION_FORMAT = "dwarf-with-dsym";
				ENABLE_NS_ASSERTIONS = NO;
				ENABLE_STRICT_OBJC_MSGSEND = YES;
				GCC_C_LANGUAGE_STANDARD = gnu11;
				GCC_NO_COMMON_BLOCKS = YES;
				GCC_WARN_64_TO_32_BIT_CONVERSION = YES;
				GCC_WARN_ABOUT_RETURN_TYPE = YES_ERROR;
				GCC_WARN_UNDECLARED_SELECTOR = YES;
				GCC_WARN_UNINITIALIZED_AUTOS = YES_AGGRESSIVE;
				GCC_WARN_UNUSED_FUNCTION = YES;
				GCC_WARN_UNUSED_VARIABLE = YES;
				IPHONEOS_DEPLOYMENT_TARGET = 12.2;
				MTL_ENABLE_DEBUG_INFO = NO;
				MTL_FAST_MATH = YES;
				SDKROOT = iphoneos;
				SWIFT_COMPILATION_MODE = wholemodule;
				SWIFT_OPTIMIZATION_LEVEL = "-O";
				VALIDATE_PRODUCT = YES;
			};
			name = Release;
		};
		941E0B6B228018240018BCAE /* Debug */ = {
			isa = XCBuildConfiguration;
			baseConfigurationReference = E551F3576681111B8C5512C4 /* Pods-WeexDemo-Swift.debug.xcconfig */;
			buildSettings = {
				ASSETCATALOG_COMPILER_APPICON_NAME = AppIcon;
				CLANG_ENABLE_MODULES = YES;
				CODE_SIGN_STYLE = Automatic;
				INFOPLIST_FILE = "WeexDemo-Swift/Info.plist";
				LD_RUNPATH_SEARCH_PATHS = (
					"$(inherited)",
					"@executable_path/Frameworks",
				);
				PRODUCT_BUNDLE_IDENTIFIER = "xminug.WeexDemo-Swift";
				PRODUCT_NAME = "$(TARGET_NAME)";
				SWIFT_OBJC_BRIDGING_HEADER = "WeexDemo-Swift/WeexDemo-Swift-Bridging-Header.h";
				SWIFT_OPTIMIZATION_LEVEL = "-Onone";
				SWIFT_VERSION = 5.0;
				TARGETED_DEVICE_FAMILY = "1,2";
			};
			name = Debug;
		};
		941E0B6C228018240018BCAE /* Release */ = {
			isa = XCBuildConfiguration;
			baseConfigurationReference = E029401606D785DF1B401BA1 /* Pods-WeexDemo-Swift.release.xcconfig */;
			buildSettings = {
				ASSETCATALOG_COMPILER_APPICON_NAME = AppIcon;
				CLANG_ENABLE_MODULES = YES;
				CODE_SIGN_STYLE = Automatic;
				INFOPLIST_FILE = "WeexDemo-Swift/Info.plist";
				LD_RUNPATH_SEARCH_PATHS = (
					"$(inherited)",
					"@executable_path/Frameworks",
				);
				PRODUCT_BUNDLE_IDENTIFIER = "xminug.WeexDemo-Swift";
				PRODUCT_NAME = "$(TARGET_NAME)";
				SWIFT_OBJC_BRIDGING_HEADER = "WeexDemo-Swift/WeexDemo-Swift-Bridging-Header.h";
				SWIFT_VERSION = 5.0;
				TARGETED_DEVICE_FAMILY = "1,2";
			};
			name = Release;
		};
/* End XCBuildConfiguration section */

/* Begin XCConfigurationList section */
		941E0B53228018220018BCAE /* Build configuration list for PBXProject "WeexDemo-Swift" */ = {
			isa = XCConfigurationList;
			buildConfigurations = (
				941E0B68228018240018BCAE /* Debug */,
				941E0B69228018240018BCAE /* Release */,
			);
			defaultConfigurationIsVisible = 0;
			defaultConfigurationName = Release;
		};
		941E0B6A228018240018BCAE /* Build configuration list for PBXNativeTarget "WeexDemo-Swift" */ = {
			isa = XCConfigurationList;
			buildConfigurations = (
				941E0B6B228018240018BCAE /* Debug */,
				941E0B6C228018240018BCAE /* Release */,
			);
			defaultConfigurationIsVisible = 0;
			defaultConfigurationName = Release;
		};
/* End XCConfigurationList section */
	};
	rootObject = 941E0B50228018220018BCAE /* Project object */;
}
